
Microsoft Visual Studio Solution File, Format Version 12.00
# Visual Studio Version 17
VisualStudioVersion = 17.14.36518.9
MinimumVisualStudioVersion = 10.0.40219.1
Project("{FAE04EC0-301F-11D3-BF4B-00C04F79EFBC}") = "TicketTriageAI.Functions", "TicketTriageAI.Functions\TicketTriageAI.Functions.csproj", "{4360A91A-117A-495F-893B-CB9D96F745B9}"
	ProjectSection(ProjectDependencies) = postProject
		{56FC2D2D-C26E-4296-B9D0-2E4B19EA19D0} = {56FC2D2D-C26E-4296-B9D0-2E4B19EA19D0}
	EndProjectSection
EndProject
Project("{FAE04EC0-301F-11D3-BF4B-00C04F79EFBC}") = "TicketTriageAI.Core", "TicketTriageAI.Core\TicketTriageAI.Core.csproj", "{56FC2D2D-C26E-4296-B9D0-2E4B19EA19D0}"
EndProject
Project("{FAE04EC0-301F-11D3-BF4B-00C04F79EFBC}") = "TicketTriageAI.Tests", "..\TicketTriageAI.Tests\TicketTriageAI.Tests.csproj", "{D3AB987F-8658-4AE1-AED1-57574DC6B212}"
EndProject
Project("{FAE04EC0-301F-11D3-BF4B-00C04F79EFBC}") = "TicketTriageAI.Common", "..\TicketTriageAI.Common\TicketTriageAI.Common.csproj", "{1B823C28-04B8-4093-B436-4D0E3DE00E0C}"
EndProject
Global
	GlobalSection(SolutionConfigurationPlatforms) = preSolution
		Debug|Any CPU = Debug|Any CPU
		Release|Any CPU = Release|Any CPU
	EndGlobalSection
	GlobalSection(ProjectConfigurationPlatforms) = postSolution
		{4360A91A-117A-495F-893B-CB9D96F745B9}.Debug|Any CPU.ActiveCfg = Debug|Any CPU
		{4360A91A-117A-495F-893B-CB9D96F745B9}.Debug|Any CPU.Build.0 = Debug|Any CPU
		{4360A91A-117A-495F-893B-CB9D96F745B9}.Release|Any CPU.ActiveCfg = Release|Any CPU
		{4360A91A-117A-495F-893B-CB9D96F745B9}.Release|Any CPU.Build.0 = Release|Any CPU
		{56FC2D2D-C26E-4296-B9D0-2E4B19EA19D0}.Debug|Any CPU.ActiveCfg = Debug|Any CPU
		{56FC2D2D-C26E-4296-B9D0-2E4B19EA19D0}.Debug|Any CPU.Build.0 = Debug|Any CPU
		{56FC2D2D-C26E-4296-B9D0-2E4B19EA19D0}.Release|Any CPU.ActiveCfg = Release|Any CPU
		{56FC2D2D-C26E-4296-B9D0-2E4B19EA19D0}.Release|Any CPU.Build.0 = Release|Any CPU
		{D3AB987F-8658-4AE1-AED1-57574DC6B212}.Debug|Any CPU.ActiveCfg = Debug|Any CPU
		{D3AB987F-8658-4AE1-AED1-57574DC6B212}.Debug|Any CPU.Build.0 = Debug|Any CPU
		{D3AB987F-8658-4AE1-AED1-57574DC6B212}.Release|Any CPU.ActiveCfg = Release|Any CPU
		{D3AB987F-8658-4AE1-AED1-57574DC6B212}.Release|Any CPU.Build.0 = Release|Any CPU
		{1B823C28-04B8-4093-B436-4D0E3DE00E0C}.Debug|Any CPU.ActiveCfg = Debug|Any CPU
		{1B823C28-04B8-4093-B436-4D0E3DE00E0C}.Debug|Any CPU.Build.0 = Debug|Any CPU
		{1B823C28-04B8-4093-B436-4D0E3DE00E0C}.Release|Any CPU.ActiveCfg = Release|Any CPU
		{1B823C28-04B8-4093-B436-4D0E3DE00E0C}.Release|Any CPU.Build.0 = Release|Any CPU
	EndGlobalSection
	GlobalSection(SolutionProperties) = preSolution
		HideSolutionNode = FALSE
	EndGlobalSection
	GlobalSection(ExtensibilityGlobals) = postSolution
		SolutionGuid = {E89BBE71-D759-449F-B3BA-406C7E4348D1}
	EndGlobalSection
EndGlobal
